// !$*UTF8*$!
{
	archiveVersion = 1;
	classes = {
	};
	objectVersion = 77;
	objects = {

/* Begin PBXBuildFile section */
		0437E2E32CC403BE00270053 /* MarkdownUI in Frameworks */ = {isa = PBXBuildFile; productRef = 0437E2E22CC403BE00270053 /* MarkdownUI */; };
		0437E3592CC4129B00270053 /* IntelligenceKit in Frameworks */ = {isa = PBXBuildFile; productRef = 0437E3582CC4129B00270053 /* IntelligenceKit */; };
		0437E35B2CC4129B00270053 /* IntelligenceKit-MlxLlm in Frameworks */ = {isa = PBXBuildFile; productRef = 0437E35A2CC4129B00270053 /* IntelligenceKit-MlxLlm */; };
		0437E35E2CC4144B00270053 /* IntelligenceKit in Frameworks */ = {isa = PBXBuildFile; productRef = 0437E35D2CC4144B00270053 /* IntelligenceKit */; };
		0437E3612CC4148300270053 /* IntelligenceKit in Frameworks */ = {isa = PBXBuildFile; productRef = 0437E3602CC4148300270053 /* IntelligenceKit */; };
		0437E3632CC4148300270053 /* IntelligenceKit-MlxLlm in Frameworks */ = {isa = PBXBuildFile; productRef = 0437E3622CC4148300270053 /* IntelligenceKit-MlxLlm */; };
		0437E3682CC4190F00270053 /* IntelligenceKit in Frameworks */ = {isa = PBXBuildFile; productRef = 0437E3672CC4190F00270053 /* IntelligenceKit */; };
		0437E36A2CC4190F00270053 /* IntelligenceKit-MlxLlm in Frameworks */ = {isa = PBXBuildFile; productRef = 0437E3692CC4190F00270053 /* IntelligenceKit-MlxLlm */; };
		04F7ECC42CC9408400E89ED5 /* Intents.framework in Frameworks */ = {isa = PBXBuildFile; fileRef = 04F7ECC32CC9408400E89ED5 /* Intents.framework */; };
		04F7ECCF2CC9408400E89ED5 /* IntentsUI.framework in Frameworks */ = {isa = PBXBuildFile; fileRef = 04F7ECCE2CC9408400E89ED5 /* IntentsUI.framework */; };
		04F7ECD92CC9408400E89ED5 /* IntelliIntentsUI.appex in Embed Foundation Extensions */ = {isa = PBXBuildFile; fileRef = 04F7ECCD2CC9408400E89ED5 /* IntelliIntentsUI.appex */; settings = {ATTRIBUTES = (RemoveHeadersOnCopy, ); }; };
		04F7ECDC2CC9408400E89ED5 /* IntelliIntents.appex in Embed Foundation Extensions */ = {isa = PBXBuildFile; fileRef = 04F7ECC22CC9408400E89ED5 /* IntelliIntents.appex */; settings = {ATTRIBUTES = (RemoveHeadersOnCopy, ); }; };
/* End PBXBuildFile section */

/* Begin PBXContainerItemProxy section */
		04F7ECD72CC9408400E89ED5 /* PBXContainerItemProxy */ = {
			isa = PBXContainerItemProxy;
			containerPortal = 04FA07372CBD706D0027ED73 /* Project object */;
			proxyType = 1;
			remoteGlobalIDString = 04F7ECCC2CC9408400E89ED5;
			remoteInfo = IntelliIntentsUI;
		};
		04F7ECDA2CC9408400E89ED5 /* PBXContainerItemProxy */ = {
			isa = PBXContainerItemProxy;
			containerPortal = 04FA07372CBD706D0027ED73 /* Project object */;
			proxyType = 1;
			remoteGlobalIDString = 04F7ECC12CC9408400E89ED5;
			remoteInfo = IntelliIntents;
		};
/* End PBXContainerItemProxy section */

/* Begin PBXCopyFilesBuildPhase section */
		04F7ECE52CC9408400E89ED5 /* Embed Foundation Extensions */ = {
			isa = PBXCopyFilesBuildPhase;
			buildActionMask = 2147483647;
			dstPath = "";
			dstSubfolderSpec = 13;
			files = (
				04F7ECDC2CC9408400E89ED5 /* IntelliIntents.appex in Embed Foundation Extensions */,
				04F7ECD92CC9408400E89ED5 /* IntelliIntentsUI.appex in Embed Foundation Extensions */,
			);
			name = "Embed Foundation Extensions";
			runOnlyForDeploymentPostprocessing = 0;
		};
/* End PBXCopyFilesBuildPhase section */

/* Begin PBXFileReference section */
		04F7ECC22CC9408400E89ED5 /* IntelliIntents.appex */ = {isa = PBXFileReference; explicitFileType = "wrapper.app-extension"; includeInIndex = 0; path = IntelliIntents.appex; sourceTree = BUILT_PRODUCTS_DIR; };
		04F7ECC32CC9408400E89ED5 /* Intents.framework */ = {isa = PBXFileReference; lastKnownFileType = wrapper.framework; name = Intents.framework; path = System/Library/Frameworks/Intents.framework; sourceTree = SDKROOT; };
		04F7ECCD2CC9408400E89ED5 /* IntelliIntentsUI.appex */ = {isa = PBXFileReference; explicitFileType = "wrapper.app-extension"; includeInIndex = 0; path = IntelliIntentsUI.appex; sourceTree = BUILT_PRODUCTS_DIR; };
		04F7ECCE2CC9408400E89ED5 /* IntentsUI.framework */ = {isa = PBXFileReference; lastKnownFileType = wrapper.framework; name = IntentsUI.framework; path = System/Library/Frameworks/IntentsUI.framework; sourceTree = SDKROOT; };
		04FA073F2CBD706D0027ED73 /* IntelligenceKit-Sample.app */ = {isa = PBXFileReference; explicitFileType = wrapper.application; includeInIndex = 0; path = "IntelligenceKit-Sample.app"; sourceTree = BUILT_PRODUCTS_DIR; };
/* End PBXFileReference section */

/* Begin PBXFileSystemSynchronizedBuildFileExceptionSet section */
		04F7ECDD2CC9408400E89ED5 /* Exceptions for "IntelliIntents" folder in "IntelliIntents" target */ = {
			isa = PBXFileSystemSynchronizedBuildFileExceptionSet;
			membershipExceptions = (
				Info.plist,
			);
			target = 04F7ECC12CC9408400E89ED5 /* IntelliIntents */;
		};
		04F7ECE12CC9408400E89ED5 /* Exceptions for "IntelliIntentsUI" folder in "IntelliIntentsUI" target */ = {
			isa = PBXFileSystemSynchronizedBuildFileExceptionSet;
			membershipExceptions = (
				Info.plist,
			);
			target = 04F7ECCC2CC9408400E89ED5 /* IntelliIntentsUI */;
		};
/* End PBXFileSystemSynchronizedBuildFileExceptionSet section */

/* Begin PBXFileSystemSynchronizedRootGroup section */
		04F7ECC52CC9408400E89ED5 /* IntelliIntents */ = {
			isa = PBXFileSystemSynchronizedRootGroup;
			exceptions = (
				04F7ECDD2CC9408400E89ED5 /* Exceptions for "IntelliIntents" folder in "IntelliIntents" target */,
			);
			path = IntelliIntents;
			sourceTree = "<group>";
		};
		04F7ECD02CC9408400E89ED5 /* IntelliIntentsUI */ = {
			isa = PBXFileSystemSynchronizedRootGroup;
			exceptions = (
				04F7ECE12CC9408400E89ED5 /* Exceptions for "IntelliIntentsUI" folder in "IntelliIntentsUI" target */,
			);
			path = IntelliIntentsUI;
			sourceTree = "<group>";
		};
		04FA07412CBD706D0027ED73 /* IntelligenceKit-Sample */ = {
			isa = PBXFileSystemSynchronizedRootGroup;
			path = "IntelligenceKit-Sample";
			sourceTree = "<group>";
		};
/* End PBXFileSystemSynchronizedRootGroup section */

/* Begin PBXFrameworksBuildPhase section */
		04F7ECBF2CC9408400E89ED5 /* Frameworks */ = {
			isa = PBXFrameworksBuildPhase;
			buildActionMask = 2147483647;
			files = (
				04F7ECC42CC9408400E89ED5 /* Intents.framework in Frameworks */,
			);
			runOnlyForDeploymentPostprocessing = 0;
		};
		04F7ECCA2CC9408400E89ED5 /* Frameworks */ = {
			isa = PBXFrameworksBuildPhase;
			buildActionMask = 2147483647;
			files = (
				04F7ECCF2CC9408400E89ED5 /* IntentsUI.framework in Frameworks */,
			);
			runOnlyForDeploymentPostprocessing = 0;
		};
		04FA073C2CBD706D0027ED73 /* Frameworks */ = {
			isa = PBXFrameworksBuildPhase;
			buildActionMask = 2147483647;
			files = (
				0437E3632CC4148300270053 /* IntelligenceKit-MlxLlm in Frameworks */,
				0437E35B2CC4129B00270053 /* IntelligenceKit-MlxLlm in Frameworks */,
				0437E3592CC4129B00270053 /* IntelligenceKit in Frameworks */,
				0437E3612CC4148300270053 /* IntelligenceKit in Frameworks */,
				0437E36A2CC4190F00270053 /* IntelligenceKit-MlxLlm in Frameworks */,
				0437E35E2CC4144B00270053 /* IntelligenceKit in Frameworks */,
				0437E2E32CC403BE00270053 /* MarkdownUI in Frameworks */,
				0437E3682CC4190F00270053 /* IntelligenceKit in Frameworks */,
			);
			runOnlyForDeploymentPostprocessing = 0;
		};
/* End PBXFrameworksBuildPhase section */

/* Begin PBXGroup section */
		0437E2E42CC4078600270053 /* Frameworks */ = {
			isa = PBXGroup;
			children = (
				04F7ECC32CC9408400E89ED5 /* Intents.framework */,
				04F7ECCE2CC9408400E89ED5 /* IntentsUI.framework */,
			);
			name = Frameworks;
			sourceTree = "<group>";
		};
		04FA07362CBD706D0027ED73 = {
			isa = PBXGroup;
			children = (
				04FA07412CBD706D0027ED73 /* IntelligenceKit-Sample */,
				04F7ECC52CC9408400E89ED5 /* IntelliIntents */,
				04F7ECD02CC9408400E89ED5 /* IntelliIntentsUI */,
				0437E2E42CC4078600270053 /* Frameworks */,
				04FA07402CBD706D0027ED73 /* Products */,
			);
			sourceTree = "<group>";
		};
		04FA07402CBD706D0027ED73 /* Products */ = {
			isa = PBXGroup;
			children = (
				04FA073F2CBD706D0027ED73 /* IntelligenceKit-Sample.app */,
				04F7ECC22CC9408400E89ED5 /* IntelliIntents.appex */,
				04F7ECCD2CC9408400E89ED5 /* IntelliIntentsUI.appex */,
			);
			name = Products;
			sourceTree = "<group>";
		};
/* End PBXGroup section */

/* Begin PBXNativeTarget section */
		04F7ECC12CC9408400E89ED5 /* IntelliIntents */ = {
			isa = PBXNativeTarget;
			buildConfigurationList = 04F7ECDE2CC9408400E89ED5 /* Build configuration list for PBXNativeTarget "IntelliIntents" */;
			buildPhases = (
				04F7ECBE2CC9408400E89ED5 /* Sources */,
				04F7ECBF2CC9408400E89ED5 /* Frameworks */,
				04F7ECC02CC9408400E89ED5 /* Resources */,
			);
			buildRules = (
			);
			dependencies = (
			);
			fileSystemSynchronizedGroups = (
				04F7ECC52CC9408400E89ED5 /* IntelliIntents */,
			);
			name = IntelliIntents;
			packageProductDependencies = (
			);
			productName = IntelliIntents;
			productReference = 04F7ECC22CC9408400E89ED5 /* IntelliIntents.appex */;
			productType = "com.apple.product-type.app-extension";
		};
		04F7ECCC2CC9408400E89ED5 /* IntelliIntentsUI */ = {
			isa = PBXNativeTarget;
			buildConfigurationList = 04F7ECE22CC9408400E89ED5 /* Build configuration list for PBXNativeTarget "IntelliIntentsUI" */;
			buildPhases = (
				04F7ECC92CC9408400E89ED5 /* Sources */,
				04F7ECCA2CC9408400E89ED5 /* Frameworks */,
				04F7ECCB2CC9408400E89ED5 /* Resources */,
			);
			buildRules = (
			);
			dependencies = (
			);
			fileSystemSynchronizedGroups = (
				04F7ECD02CC9408400E89ED5 /* IntelliIntentsUI */,
			);
			name = IntelliIntentsUI;
			packageProductDependencies = (
			);
			productName = IntelliIntentsUI;
			productReference = 04F7ECCD2CC9408400E89ED5 /* IntelliIntentsUI.appex */;
			productType = "com.apple.product-type.app-extension";
		};
		04FA073E2CBD706D0027ED73 /* IntelligenceKit-Sample */ = {
			isa = PBXNativeTarget;
			buildConfigurationList = 04FA074D2CBD706E0027ED73 /* Build configuration list for PBXNativeTarget "IntelligenceKit-Sample" */;
			buildPhases = (
				04FA073B2CBD706D0027ED73 /* Sources */,
				04FA073C2CBD706D0027ED73 /* Frameworks */,
				04FA073D2CBD706D0027ED73 /* Resources */,
				04F7ECE52CC9408400E89ED5 /* Embed Foundation Extensions */,
			);
			buildRules = (
			);
			dependencies = (
				04F7ECD82CC9408400E89ED5 /* PBXTargetDependency */,
				04F7ECDB2CC9408400E89ED5 /* PBXTargetDependency */,
			);
			fileSystemSynchronizedGroups = (
				04FA07412CBD706D0027ED73 /* IntelligenceKit-Sample */,
			);
			name = "IntelligenceKit-Sample";
			packageProductDependencies = (
				0437E2E22CC403BE00270053 /* MarkdownUI */,
				0437E3582CC4129B00270053 /* IntelligenceKit */,
				0437E35A2CC4129B00270053 /* IntelligenceKit-MlxLlm */,
				0437E35D2CC4144B00270053 /* IntelligenceKit */,
				0437E3602CC4148300270053 /* IntelligenceKit */,
				0437E3622CC4148300270053 /* IntelligenceKit-MlxLlm */,
				0437E3672CC4190F00270053 /* IntelligenceKit */,
				0437E3692CC4190F00270053 /* IntelligenceKit-MlxLlm */,
			);
			productName = "IntelligenceKit-Sample";
			productReference = 04FA073F2CBD706D0027ED73 /* IntelligenceKit-Sample.app */;
			productType = "com.apple.product-type.application";
		};
/* End PBXNativeTarget section */

/* Begin PBXProject section */
		04FA07372CBD706D0027ED73 /* Project object */ = {
			isa = PBXProject;
			attributes = {
				BuildIndependentTargetsInParallel = 1;
				LastSwiftUpdateCheck = 1600;
				LastUpgradeCheck = 1600;
				TargetAttributes = {
					04F7ECC12CC9408400E89ED5 = {
						CreatedOnToolsVersion = 16.0;
					};
					04F7ECCC2CC9408400E89ED5 = {
						CreatedOnToolsVersion = 16.0;
					};
					04FA073E2CBD706D0027ED73 = {
						CreatedOnToolsVersion = 16.0;
					};
				};
			};
			buildConfigurationList = 04FA073A2CBD706D0027ED73 /* Build configuration list for PBXProject "IntelligenceKit-Sample" */;
			developmentRegion = en;
			hasScannedForEncodings = 0;
			knownRegions = (
				en,
				Base,
			);
			mainGroup = 04FA07362CBD706D0027ED73;
			minimizedProjectReferenceProxies = 1;
			packageReferences = (
				0437E2E12CC403BE00270053 /* XCRemoteSwiftPackageReference "swift-markdown-ui" */,
				0437E3662CC4190F00270053 /* XCLocalSwiftPackageReference "../../IntelligenceKit" */,
			);
			preferredProjectObjectVersion = 77;
			productRefGroup = 04FA07402CBD706D0027ED73 /* Products */;
			projectDirPath = "";
			projectRoot = "";
			targets = (
				04FA073E2CBD706D0027ED73 /* IntelligenceKit-Sample */,
				04F7ECC12CC9408400E89ED5 /* IntelliIntents */,
				04F7ECCC2CC9408400E89ED5 /* IntelliIntentsUI */,
			);
		};
/* End PBXProject section */

/* Begin PBXResourcesBuildPhase section */
		04F7ECC02CC9408400E89ED5 /* Resources */ = {
			isa = PBXResourcesBuildPhase;
			buildActionMask = 2147483647;
			files = (
			);
			runOnlyForDeploymentPostprocessing = 0;
		};
		04F7ECCB2CC9408400E89ED5 /* Resources */ = {
			isa = PBXResourcesBuildPhase;
			buildActionMask = 2147483647;
			files = (
			);
			runOnlyForDeploymentPostprocessing = 0;
		};
		04FA073D2CBD706D0027ED73 /* Resources */ = {
			isa = PBXResourcesBuildPhase;
			buildActionMask = 2147483647;
			files = (
			);
			runOnlyForDeploymentPostprocessing = 0;
		};
/* End PBXResourcesBuildPhase section */

/* Begin PBXSourcesBuildPhase section */
		04F7ECBE2CC9408400E89ED5 /* Sources */ = {
			isa = PBXSourcesBuildPhase;
			buildActionMask = 2147483647;
			files = (
			);
			runOnlyForDeploymentPostprocessing = 0;
		};
		04F7ECC92CC9408400E89ED5 /* Sources */ = {
			isa = PBXSourcesBuildPhase;
			buildActionMask = 2147483647;
			files = (
			);
			runOnlyForDeploymentPostprocessing = 0;
		};
		04FA073B2CBD706D0027ED73 /* Sources */ = {
			isa = PBXSourcesBuildPhase;
			buildActionMask = 2147483647;
			files = (
			);
			runOnlyForDeploymentPostprocessing = 0;
		};
/* End PBXSourcesBuildPhase section */

/* Begin PBXTargetDependency section */
		04F7ECD82CC9408400E89ED5 /* PBXTargetDependency */ = {
			isa = PBXTargetDependency;
			target = 04F7ECCC2CC9408400E89ED5 /* IntelliIntentsUI */;
			targetProxy = 04F7ECD72CC9408400E89ED5 /* PBXContainerItemProxy */;
		};
		04F7ECDB2CC9408400E89ED5 /* PBXTargetDependency */ = {
			isa = PBXTargetDependency;
			target = 04F7ECC12CC9408400E89ED5 /* IntelliIntents */;
			targetProxy = 04F7ECDA2CC9408400E89ED5 /* PBXContainerItemProxy */;
		};
/* End PBXTargetDependency section */

/* Begin XCBuildConfiguration section */
		04F7ECDF2CC9408400E89ED5 /* Debug */ = {
			isa = XCBuildConfiguration;
			buildSettings = {
				CODE_SIGN_STYLE = Automatic;
				CURRENT_PROJECT_VERSION = 1;
				DEVELOPMENT_TEAM = C5MF583N8Y;
				GENERATE_INFOPLIST_FILE = YES;
				INFOPLIST_FILE = IntelliIntents/Info.plist;
				INFOPLIST_KEY_CFBundleDisplayName = IntelliIntents;
				INFOPLIST_KEY_NSHumanReadableCopyright = "";
				LD_RUNPATH_SEARCH_PATHS = (
					"$(inherited)",
					"@executable_path/Frameworks",
					"@executable_path/../../Frameworks",
				);
				MARKETING_VERSION = 1.0;
				PRODUCT_BUNDLE_IDENTIFIER = "com.croamac.IntelligenceKit-Sample.IntelliIntents";
				PRODUCT_NAME = "$(TARGET_NAME)";
				SKIP_INSTALL = YES;
				SWIFT_EMIT_LOC_STRINGS = YES;
				SWIFT_VERSION = 5.0;
				TARGETED_DEVICE_FAMILY = "1,2";
			};
			name = Debug;
		};
		04F7ECE02CC9408400E89ED5 /* Release */ = {
			isa = XCBuildConfiguration;
			buildSettings = {
				CODE_SIGN_STYLE = Automatic;
				CURRENT_PROJECT_VERSION = 1;
				DEVELOPMENT_TEAM = C5MF583N8Y;
				GENERATE_INFOPLIST_FILE = YES;
				INFOPLIST_FILE = IntelliIntents/Info.plist;
				INFOPLIST_KEY_CFBundleDisplayName = IntelliIntents;
				INFOPLIST_KEY_NSHumanReadableCopyright = "";
				LD_RUNPATH_SEARCH_PATHS = (
					"$(inherited)",
					"@executable_path/Frameworks",
					"@executable_path/../../Frameworks",
				);
				MARKETING_VERSION = 1.0;
				PRODUCT_BUNDLE_IDENTIFIER = "com.croamac.IntelligenceKit-Sample.IntelliIntents";
				PRODUCT_NAME = "$(TARGET_NAME)";
				SKIP_INSTALL = YES;
				SWIFT_EMIT_LOC_STRINGS = YES;
				SWIFT_VERSION = 5.0;
				TARGETED_DEVICE_FAMILY = "1,2";
			};
			name = Release;
		};
		04F7ECE32CC9408400E89ED5 /* Debug */ = {
			isa = XCBuildConfiguration;
			buildSettings = {
				CODE_SIGN_STYLE = Automatic;
				CURRENT_PROJECT_VERSION = 1;
				DEVELOPMENT_TEAM = C5MF583N8Y;
				GENERATE_INFOPLIST_FILE = YES;
				INFOPLIST_FILE = IntelliIntentsUI/Info.plist;
				INFOPLIST_KEY_CFBundleDisplayName = IntelliIntentsUI;
				INFOPLIST_KEY_NSHumanReadableCopyright = "";
				LD_RUNPATH_SEARCH_PATHS = (
					"$(inherited)",
					"@executable_path/Frameworks",
					"@executable_path/../../Frameworks",
				);
				MARKETING_VERSION = 1.0;
				PRODUCT_BUNDLE_IDENTIFIER = "com.croamac.IntelligenceKit-Sample.IntelliIntentsUI";
				PRODUCT_NAME = "$(TARGET_NAME)";
				SKIP_INSTALL = YES;
				SWIFT_EMIT_LOC_STRINGS = YES;
				SWIFT_VERSION = 5.0;
				TARGETED_DEVICE_FAMILY = "1,2";
			};
			name = Debug;
		};
		04F7ECE42CC9408400E89ED5 /* Release */ = {
			isa = XCBuildConfiguration;
			buildSettings = {
				CODE_SIGN_STYLE = Automatic;
				CURRENT_PROJECT_VERSION = 1;
				DEVELOPMENT_TEAM = C5MF583N8Y;
				GENERATE_INFOPLIST_FILE = YES;
				INFOPLIST_FILE = IntelliIntentsUI/Info.plist;
				INFOPLIST_KEY_CFBundleDisplayName = IntelliIntentsUI;
				INFOPLIST_KEY_NSHumanReadableCopyright = "";
				LD_RUNPATH_SEARCH_PATHS = (
					"$(inherited)",
					"@executable_path/Frameworks",
					"@executable_path/../../Frameworks",
				);
				MARKETING_VERSION = 1.0;
				PRODUCT_BUNDLE_IDENTIFIER = "com.croamac.IntelligenceKit-Sample.IntelliIntentsUI";
				PRODUCT_NAME = "$(TARGET_NAME)";
				SKIP_INSTALL = YES;
				SWIFT_EMIT_LOC_STRINGS = YES;
				SWIFT_VERSION = 5.0;
				TARGETED_DEVICE_FAMILY = "1,2";
			};
			name = Release;
		};
		04FA074B2CBD706E0027ED73 /* Debug */ = {
			isa = XCBuildConfiguration;
			buildSettings = {
				ALWAYS_SEARCH_USER_PATHS = NO;
				ASSETCATALOG_COMPILER_GENERATE_SWIFT_ASSET_SYMBOL_EXTENSIONS = YES;
				CLANG_ANALYZER_NONNULL = YES;
				CLANG_ANALYZER_NUMBER_OBJECT_CONVERSION = YES_AGGRESSIVE;
				CLANG_CXX_LANGUAGE_STANDARD = "gnu++20";
				CLANG_ENABLE_MODULES = YES;
				CLANG_ENABLE_OBJC_ARC = YES;
				CLANG_ENABLE_OBJC_WEAK = YES;
				CLANG_WARN_BLOCK_CAPTURE_AUTORELEASING = YES;
				CLANG_WARN_BOOL_CONVERSION = YES;
				CLANG_WARN_COMMA = YES;
				CLANG_WARN_CONSTANT_CONVERSION = YES;
				CLANG_WARN_DEPRECATED_OBJC_IMPLEMENTATIONS = YES;
				CLANG_WARN_DIRECT_OBJC_ISA_USAGE = YES_ERROR;
				CLANG_WARN_DOCUMENTATION_COMMENTS = YES;
				CLANG_WARN_EMPTY_BODY = YES;
				CLANG_WARN_ENUM_CONVERSION = YES;
				CLANG_WARN_INFINITE_RECURSION = YES;
				CLANG_WARN_INT_CONVERSION = YES;
				CLANG_WARN_NON_LITERAL_NULL_CONVERSION = YES;
				CLANG_WARN_OBJC_IMPLICIT_RETAIN_SELF = YES;
				CLANG_WARN_OBJC_LITERAL_CONVERSION = YES;
				CLANG_WARN_OBJC_ROOT_CLASS = YES_ERROR;
				CLANG_WARN_QUOTED_INCLUDE_IN_FRAMEWORK_HEADER = YES;
				CLANG_WARN_RANGE_LOOP_ANALYSIS = YES;
				CLANG_WARN_STRICT_PROTOTYPES = YES;
				CLANG_WARN_SUSPICIOUS_MOVE = YES;
				CLANG_WARN_UNGUARDED_AVAILABILITY = YES_AGGRESSIVE;
				CLANG_WARN_UNREACHABLE_CODE = YES;
				CLANG_WARN__DUPLICATE_METHOD_MATCH = YES;
				COPY_PHASE_STRIP = NO;
				DEBUG_INFORMATION_FORMAT = dwarf;
				ENABLE_STRICT_OBJC_MSGSEND = YES;
				ENABLE_TESTABILITY = YES;
				ENABLE_USER_SCRIPT_SANDBOXING = YES;
				GCC_C_LANGUAGE_STANDARD = gnu17;
				GCC_DYNAMIC_NO_PIC = NO;
				GCC_NO_COMMON_BLOCKS = YES;
				GCC_OPTIMIZATION_LEVEL = 0;
				GCC_PREPROCESSOR_DEFINITIONS = (
					"DEBUG=1",
					"$(inherited)",
				);
				GCC_WARN_64_TO_32_BIT_CONVERSION = YES;
				GCC_WARN_ABOUT_RETURN_TYPE = YES_ERROR;
				GCC_WARN_UNDECLARED_SELECTOR = YES;
				GCC_WARN_UNINITIALIZED_AUTOS = YES_AGGRESSIVE;
				GCC_WARN_UNUSED_FUNCTION = YES;
				GCC_WARN_UNUSED_VARIABLE = YES;
				IPHONEOS_DEPLOYMENT_TARGET = 18.0;
				LOCALIZATION_PREFERS_STRING_CATALOGS = YES;
				MTL_ENABLE_DEBUG_INFO = INCLUDE_SOURCE;
				MTL_FAST_MATH = YES;
				ONLY_ACTIVE_ARCH = YES;
				SDKROOT = iphoneos;
				SWIFT_ACTIVE_COMPILATION_CONDITIONS = "DEBUG $(inherited)";
				SWIFT_OPTIMIZATION_LEVEL = "-Onone";
			};
			name = Debug;
		};
		04FA074C2CBD706E0027ED73 /* Release */ = {
			isa = XCBuildConfiguration;
			buildSettings = {
				ALWAYS_SEARCH_USER_PATHS = NO;
				ASSETCATALOG_COMPILER_GENERATE_SWIFT_ASSET_SYMBOL_EXTENSIONS = YES;
				CLANG_ANALYZER_NONNULL = YES;
				CLANG_ANALYZER_NUMBER_OBJECT_CONVERSION = YES_AGGRESSIVE;
				CLANG_CXX_LANGUAGE_STANDARD = "gnu++20";
				CLANG_ENABLE_MODULES = YES;
				CLANG_ENABLE_OBJC_ARC = YES;
				CLANG_ENABLE_OBJC_WEAK = YES;
				CLANG_WARN_BLOCK_CAPTURE_AUTORELEASING = YES;
				CLANG_WARN_BOOL_CONVERSION = YES;
				CLANG_WARN_COMMA = YES;
				CLANG_WARN_CONSTANT_CONVERSION = YES;
				CLANG_WARN_DEPRECATED_OBJC_IMPLEMENTATIONS = YES;
				CLANG_WARN_DIRECT_OBJC_ISA_USAGE = YES_ERROR;
				CLANG_WARN_DOCUMENTATION_COMMENTS = YES;
				CLANG_WARN_EMPTY_BODY = YES;
				CLANG_WARN_ENUM_CONVERSION = YES;
				CLANG_WARN_INFINITE_RECURSION = YES;
				CLANG_WARN_INT_CONVERSION = YES;
				CLANG_WARN_NON_LITERAL_NULL_CONVERSION = YES;
				CLANG_WARN_OBJC_IMPLICIT_RETAIN_SELF = YES;
				CLANG_WARN_OBJC_LITERAL_CONVERSION = YES;
				CLANG_WARN_OBJC_ROOT_CLASS = YES_ERROR;
				CLANG_WARN_QUOTED_INCLUDE_IN_FRAMEWORK_HEADER = YES;
				CLANG_WARN_RANGE_LOOP_ANALYSIS = YES;
				CLANG_WARN_STRICT_PROTOTYPES = YES;
				CLANG_WARN_SUSPICIOUS_MOVE = YES;
				CLANG_WARN_UNGUARDED_AVAILABILITY = YES_AGGRESSIVE;
				CLANG_WARN_UNREACHABLE_CODE = YES;
				CLANG_WARN__DUPLICATE_METHOD_MATCH = YES;
				COPY_PHASE_STRIP = NO;
				DEBUG_INFORMATION_FORMAT = "dwarf-with-dsym";
				ENABLE_NS_ASSERTIONS = NO;
				ENABLE_STRICT_OBJC_MSGSEND = YES;
				ENABLE_USER_SCRIPT_SANDBOXING = YES;
				GCC_C_LANGUAGE_STANDARD = gnu17;
				GCC_NO_COMMON_BLOCKS = YES;
				GCC_WARN_64_TO_32_BIT_CONVERSION = YES;
				GCC_WARN_ABOUT_RETURN_TYPE = YES_ERROR;
				GCC_WARN_UNDECLARED_SELECTOR = YES;
				GCC_WARN_UNINITIALIZED_AUTOS = YES_AGGRESSIVE;
				GCC_WARN_UNUSED_FUNCTION = YES;
				GCC_WARN_UNUSED_VARIABLE = YES;
				IPHONEOS_DEPLOYMENT_TARGET = 18.0;
				LOCALIZATION_PREFERS_STRING_CATALOGS = YES;
				MTL_ENABLE_DEBUG_INFO = NO;
				MTL_FAST_MATH = YES;
				SDKROOT = iphoneos;
				SWIFT_COMPILATION_MODE = wholemodule;
				VALIDATE_PRODUCT = YES;
			};
			name = Release;
		};
		04FA074E2CBD706E0027ED73 /* Debug */ = {
			isa = XCBuildConfiguration;
			buildSettings = {
				ASSETCATALOG_COMPILER_APPICON_NAME = AppIcon;
				ASSETCATALOG_COMPILER_GLOBAL_ACCENT_COLOR_NAME = AccentColor;
				CODE_SIGN_ENTITLEMENTS = "IntelligenceKit-Sample/IntelligenceKit-Sample.entitlements";
				CODE_SIGN_STYLE = Automatic;
				CURRENT_PROJECT_VERSION = 1;
				DEVELOPMENT_ASSET_PATHS = "\"IntelligenceKit-Sample/Preview Content\"";
				DEVELOPMENT_TEAM = C5MF583N8Y;
				ENABLE_PREVIEWS = YES;
				GENERATE_INFOPLIST_FILE = YES;
				INFOPLIST_KEY_UIApplicationSceneManifest_Generation = YES;
				INFOPLIST_KEY_UIApplicationSupportsIndirectInputEvents = YES;
				INFOPLIST_KEY_UILaunchScreen_Generation = YES;
				INFOPLIST_KEY_UISupportedInterfaceOrientations_iPad = "UIInterfaceOrientationPortrait UIInterfaceOrientationPortraitUpsideDown UIInterfaceOrientationLandscapeLeft UIInterfaceOrientationLandscapeRight";
				INFOPLIST_KEY_UISupportedInterfaceOrientations_iPhone = "UIInterfaceOrientationPortrait UIInterfaceOrientationLandscapeLeft UIInterfaceOrientationLandscapeRight";
				LD_RUNPATH_SEARCH_PATHS = (
					"$(inherited)",
					"@executable_path/Frameworks",
				);
				MARKETING_VERSION = 1.0;
				PRODUCT_BUNDLE_IDENTIFIER = "com.croamac.IntelligenceKit-Sample";
				PRODUCT_NAME = "$(TARGET_NAME)";
				SWIFT_EMIT_LOC_STRINGS = YES;
				SWIFT_VERSION = 5.0;
				TARGETED_DEVICE_FAMILY = "1,2";
			};
			name = Debug;
		};
		04FA074F2CBD706E0027ED73 /* Release */ = {
			isa = XCBuildConfiguration;
			buildSettings = {
				ASSETCATALOG_COMPILER_APPICON_NAME = AppIcon;
				ASSETCATALOG_COMPILER_GLOBAL_ACCENT_COLOR_NAME = AccentColor;
				CODE_SIGN_ENTITLEMENTS = "IntelligenceKit-Sample/IntelligenceKit-Sample.entitlements";
				CODE_SIGN_STYLE = Automatic;
				CURRENT_PROJECT_VERSION = 1;
				DEVELOPMENT_ASSET_PATHS = "\"IntelligenceKit-Sample/Preview Content\"";
				DEVELOPMENT_TEAM = C5MF583N8Y;
				ENABLE_PREVIEWS = YES;
				GENERATE_INFOPLIST_FILE = YES;
				INFOPLIST_KEY_UIApplicationSceneManifest_Generation = YES;
				INFOPLIST_KEY_UIApplicationSupportsIndirectInputEvents = YES;
				INFOPLIST_KEY_UILaunchScreen_Generation = YES;
				INFOPLIST_KEY_UISupportedInterfaceOrientations_iPad = "UIInterfaceOrientationPortrait UIInterfaceOrientationPortraitUpsideDown UIInterfaceOrientationLandscapeLeft UIInterfaceOrientationLandscapeRight";
				INFOPLIST_KEY_UISupportedInterfaceOrientations_iPhone = "UIInterfaceOrientationPortrait UIInterfaceOrientationLandscapeLeft UIInterfaceOrientationLandscapeRight";
				LD_RUNPATH_SEARCH_PATHS = (
					"$(inherited)",
					"@executable_path/Frameworks",
				);
				MARKETING_VERSION = 1.0;
				PRODUCT_BUNDLE_IDENTIFIER = "com.croamac.IntelligenceKit-Sample";
				PRODUCT_NAME = "$(TARGET_NAME)";
				SWIFT_EMIT_LOC_STRINGS = YES;
				SWIFT_VERSION = 5.0;
				TARGETED_DEVICE_FAMILY = "1,2";
			};
			name = Release;
		};
/* End XCBuildConfiguration section */

/* Begin XCConfigurationList section */
		04F7ECDE2CC9408400E89ED5 /* Build configuration list for PBXNativeTarget "IntelliIntents" */ = {
			isa = XCConfigurationList;
			buildConfigurations = (
				04F7ECDF2CC9408400E89ED5 /* Debug */,
				04F7ECE02CC9408400E89ED5 /* Release */,
			);
			defaultConfigurationIsVisible = 0;
			defaultConfigurationName = Release;
		};
		04F7ECE22CC9408400E89ED5 /* Build configuration list for PBXNativeTarget "IntelliIntentsUI" */ = {
			isa = XCConfigurationList;
			buildConfigurations = (
				04F7ECE32CC9408400E89ED5 /* Debug */,
				04F7ECE42CC9408400E89ED5 /* Release */,
			);
			defaultConfigurationIsVisible = 0;
			defaultConfigurationName = Release;
		};
		04FA073A2CBD706D0027ED73 /* Build configuration list for PBXProject "IntelligenceKit-Sample" */ = {
			isa = XCConfigurationList;
			buildConfigurations = (
				04FA074B2CBD706E0027ED73 /* Debug */,
				04FA074C2CBD706E0027ED73 /* Release */,
			);
			defaultConfigurationIsVisible = 0;
			defaultConfigurationName = Release;
		};
		04FA074D2CBD706E0027ED73 /* Build configuration list for PBXNativeTarget "IntelligenceKit-Sample" */ = {
			isa = XCConfigurationList;
			buildConfigurations = (
				04FA074E2CBD706E0027ED73 /* Debug */,
				04FA074F2CBD706E0027ED73 /* Release */,
			);
			defaultConfigurationIsVisible = 0;
			defaultConfigurationName = Release;
		};
/* End XCConfigurationList section */

/* Begin XCLocalSwiftPackageReference section */
		0437E3662CC4190F00270053 /* XCLocalSwiftPackageReference "../../IntelligenceKit" */ = {
			isa = XCLocalSwiftPackageReference;
			relativePath = ../../IntelligenceKit;
		};
/* End XCLocalSwiftPackageReference section */

/* Begin XCRemoteSwiftPackageReference section */
		0437E2E12CC403BE00270053 /* XCRemoteSwiftPackageReference "swift-markdown-ui" */ = {
			isa = XCRemoteSwiftPackageReference;
			repositoryURL = "https://github.com/gonzalezreal/swift-markdown-ui";
			requirement = {
				kind = upToNextMajorVersion;
				minimumVersion = 2.4.1;
			};
		};
/* End XCRemoteSwiftPackageReference section */

/* Begin XCSwiftPackageProductDependency section */
		0437E2E22CC403BE00270053 /* MarkdownUI */ = {
			isa = XCSwiftPackageProductDependency;
			package = 0437E2E12CC403BE00270053 /* XCRemoteSwiftPackageReference "swift-markdown-ui" */;
			productName = MarkdownUI;
		};
		0437E3582CC4129B00270053 /* IntelligenceKit */ = {
			isa = XCSwiftPackageProductDependency;
			productName = IntelligenceKit;
		};
		0437E35A2CC4129B00270053 /* IntelligenceKit-MlxLlm */ = {
			isa = XCSwiftPackageProductDependency;
			productName = "IntelligenceKit-MlxLlm";
		};
		0437E35D2CC4144B00270053 /* IntelligenceKit */ = {
			isa = XCSwiftPackageProductDependency;
			productName = IntelligenceKit;
		};
		0437E3602CC4148300270053 /* IntelligenceKit */ = {
			isa = XCSwiftPackageProductDependency;
			productName = IntelligenceKit;
		};
		0437E3622CC4148300270053 /* IntelligenceKit-MlxLlm */ = {
			isa = XCSwiftPackageProductDependency;
			productName = "IntelligenceKit-MlxLlm";
		};
		0437E3672CC4190F00270053 /* IntelligenceKit */ = {
			isa = XCSwiftPackageProductDependency;
			productName = IntelligenceKit;
		};
		0437E3692CC4190F00270053 /* IntelligenceKit-MlxLlm */ = {
			isa = XCSwiftPackageProductDependency;
			productName = "IntelligenceKit-MlxLlm";
		};
/* End XCSwiftPackageProductDependency section */
	};
	rootObject = 04FA07372CBD706D0027ED73 /* Project object */;
}
